
Microsoft Visual Studio Solution File, Format Version 12.00
# Visual Studio Version 16
VisualStudioVersion = 16.0.29411.108
MinimumVisualStudioVersion = 10.0.40219.1
Project("{FAE04EC0-301F-11D3-BF4B-00C04F79EFBC}") = "03.05_WinForms", "03.05_WinForms.csproj", "{3371DD13-E8D0-4570-AF98-90085BB7829E}"
EndProject
Global
	GlobalSection(SolutionConfigurationPlatforms) = preSolution
		Debug|Any CPU = Debug|Any CPU
		Release|Any CPU = Release|Any CPU
	EndGlobalSection
	GlobalSection(ProjectConfigurationPlatforms) = postSolution
		{3371DD13-E8D0-4570-AF98-90085BB7829E}.Debug|Any CPU.ActiveCfg = Debug|Any CPU
		{3371DD13-E8D0-4570-AF98-90085BB7829E}.Debug|Any CPU.Build.0 = Debug|Any CPU
		{3371DD13-E8D0-4570-AF98-90085BB7829E}.Release|Any CPU.ActiveCfg = Release|Any CPU
		{3371DD13-E8D0-4570-AF98-90085BB7829E}.Release|Any CPU.Build.0 = Release|Any CPU
	EndGlobalSection
	GlobalSection(SolutionProperties) = preSolution
		HideSolutionNode = FALSE
	EndGlobalSection
	GlobalSection(ExtensibilityGlobals) = postSolution
		SolutionGuid = {690DC456-A7E4-4A87-BA5C-20281E046854}
	EndGlobalSection
EndGlobal
